
Microsoft Visual Studio Solution File, Format Version 12.00
# Visual Studio Version 17
VisualStudioVersion = 17.14.36414.22 d17.14
MinimumVisualStudioVersion = 10.0.40219.1
Project("{FAE04EC0-301F-11D3-BF4B-00C04F79EFBC}") = "interviewc#", "interviewc#.csproj", "{7E0FFF05-7425-4E54-B5CB-9710FFDE8AAE}"
EndProject
Global
	GlobalSection(SolutionConfigurationPlatforms) = preSolution
		Debug|Any CPU = Debug|Any CPU
		Release|Any CPU = Release|Any CPU
	EndGlobalSection
	GlobalSection(ProjectConfigurationPlatforms) = postSolution
		{7E0FFF05-7425-4E54-B5CB-9710FFDE8AAE}.Debug|Any CPU.ActiveCfg = Debug|Any CPU
		{7E0FFF05-7425-4E54-B5CB-9710FFDE8AAE}.Debug|Any CPU.Build.0 = Debug|Any CPU
		{7E0FFF05-7425-4E54-B5CB-9710FFDE8AAE}.Release|Any CPU.ActiveCfg = Release|Any CPU
		{7E0FFF05-7425-4E54-B5CB-9710FFDE8AAE}.Release|Any CPU.Build.0 = Release|Any CPU
	EndGlobalSection
	GlobalSection(SolutionProperties) = preSolution
		HideSolutionNode = FALSE
	EndGlobalSection
	GlobalSection(ExtensibilityGlobals) = postSolution
		SolutionGuid = {B3E58EEE-DC68-4E60-A279-8C888C5F58AF}
	EndGlobalSection
EndGlobal
